// !$*UTF8*$!
{
	archiveVersion = 1;
	classes = {
	};
	objectVersion = 55;
	objects = {

/* Begin PBXBuildFile section */
		3B7DB75E273CBC390058ED75 /* StringExt.swift in Sources */ = {isa = PBXBuildFile; fileRef = 3B7DB75D273CBC390058ED75 /* StringExt.swift */; };
		3BA35C03273C964600396D03 /* Lines.swift in Sources */ = {isa = PBXBuildFile; fileRef = 3BA35C02273C964600396D03 /* Lines.swift */; };
		3BF629EE2738A9EB0059CE84 /* BalotCalApp.swift in Sources */ = {isa = PBXBuildFile; fileRef = 3BF629ED2738A9EB0059CE84 /* BalotCalApp.swift */; };
		3BF629F02738A9EB0059CE84 /* ContentView.swift in Sources */ = {isa = PBXBuildFile; fileRef = 3BF629EF2738A9EB0059CE84 /* ContentView.swift */; };
		3BF629F22738A9EC0059CE84 /* Assets.xcassets in Resources */ = {isa = PBXBuildFile; fileRef = 3BF629F12738A9EC0059CE84 /* Assets.xcassets */; };
		3BF629F52738A9EC0059CE84 /* Preview Assets.xcassets in Resources */ = {isa = PBXBuildFile; fileRef = 3BF629F42738A9EC0059CE84 /* Preview Assets.xcassets */; };
		3BF629FE2738AE8E0059CE84 /* Game.swift in Sources */ = {isa = PBXBuildFile; fileRef = 3BF629FD2738AE8E0059CE84 /* Game.swift */; };
		3BF62A002738B5F00059CE84 /* BalotCalVM.swift in Sources */ = {isa = PBXBuildFile; fileRef = 3BF629FF2738B5F00059CE84 /* BalotCalVM.swift */; };
/* End PBXBuildFile section */

/* Begin PBXFileReference section */
		3B70859A273CF03200ED44FF /* README.md */ = {isa = PBXFileReference; lastKnownFileType = net.daringfireball.markdown; path = README.md; sourceTree = "<group>"; };
		3B7DB75D273CBC390058ED75 /* StringExt.swift */ = {isa = PBXFileReference; lastKnownFileType = sourcecode.swift; path = StringExt.swift; sourceTree = "<group>"; };
		3BA35C02273C964600396D03 /* Lines.swift */ = {isa = PBXFileReference; lastKnownFileType = sourcecode.swift; path = Lines.swift; sourceTree = "<group>"; };
		3BF629EA2738A9EB0059CE84 /* BalotCal.app */ = {isa = PBXFileReference; explicitFileType = wrapper.application; includeInIndex = 0; path = BalotCal.app; sourceTree = BUILT_PRODUCTS_DIR; };
		3BF629ED2738A9EB0059CE84 /* BalotCalApp.swift */ = {isa = PBXFileReference; lastKnownFileType = sourcecode.swift; path = BalotCalApp.swift; sourceTree = "<group>"; };
		3BF629EF2738A9EB0059CE84 /* ContentView.swift */ = {isa = PBXFileReference; lastKnownFileType = sourcecode.swift; path = ContentView.swift; sourceTree = "<group>"; };
		3BF629F12738A9EC0059CE84 /* Assets.xcassets */ = {isa = PBXFileReference; lastKnownFileType = folder.assetcatalog; path = Assets.xcassets; sourceTree = "<group>"; };
		3BF629F42738A9EC0059CE84 /* Preview Assets.xcassets */ = {isa = PBXFileReference; lastKnownFileType = folder.assetcatalog; path = "Preview Assets.xcassets"; sourceTree = "<group>"; };
		3BF629FD2738AE8E0059CE84 /* Game.swift */ = {isa = PBXFileReference; lastKnownFileType = sourcecode.swift; path = Game.swift; sourceTree = "<group>"; };
		3BF629FF2738B5F00059CE84 /* BalotCalVM.swift */ = {isa = PBXFileReference; lastKnownFileType = sourcecode.swift; path = BalotCalVM.swift; sourceTree = "<group>"; };
/* End PBXFileReference section */

/* Begin PBXFrameworksBuildPhase section */
		3BF629E72738A9EB0059CE84 /* Frameworks */ = {
			isa = PBXFrameworksBuildPhase;
			buildActionMask = 2147483647;
			files = (
			);
			runOnlyForDeploymentPostprocessing = 0;
		};
/* End PBXFrameworksBuildPhase section */

/* Begin PBXGroup section */
		3B7DB75C273CBC2A0058ED75 /* Ext */ = {
			isa = PBXGroup;
			children = (
				3B7DB75D273CBC390058ED75 /* StringExt.swift */,
			);
			path = Ext;
			sourceTree = "<group>";
		};
		3BF629E12738A9EB0059CE84 = {
			isa = PBXGroup;
			children = (
				3B70859A273CF03200ED44FF /* README.md */,
				3BF629EC2738A9EB0059CE84 /* BalotCal */,
				3BF629EB2738A9EB0059CE84 /* Products */,
			);
			sourceTree = "<group>";
		};
		3BF629EB2738A9EB0059CE84 /* Products */ = {
			isa = PBXGroup;
			children = (
				3BF629EA2738A9EB0059CE84 /* BalotCal.app */,
			);
			name = Products;
			sourceTree = "<group>";
		};
		3BF629EC2738A9EB0059CE84 /* BalotCal */ = {
			isa = PBXGroup;
			children = (
				3B7DB75C273CBC2A0058ED75 /* Ext */,
				3BF629FC2738AE7F0059CE84 /* Model */,
				3BF629ED2738A9EB0059CE84 /* BalotCalApp.swift */,
				3BF629EF2738A9EB0059CE84 /* ContentView.swift */,
				3BA35C02273C964600396D03 /* Lines.swift */,
				3BF629F12738A9EC0059CE84 /* Assets.xcassets */,
				3BF629F32738A9EC0059CE84 /* Preview Content */,
			);
			path = BalotCal;
			sourceTree = "<group>";
		};
		3BF629F32738A9EC0059CE84 /* Preview Content */ = {
			isa = PBXGroup;
			children = (
				3BF629F42738A9EC0059CE84 /* Preview Assets.xcassets */,
			);
			path = "Preview Content";
			sourceTree = "<group>";
		};
		3BF629FC2738AE7F0059CE84 /* Model */ = {
			isa = PBXGroup;
			children = (
				3BF629FD2738AE8E0059CE84 /* Game.swift */,
				3BF629FF2738B5F00059CE84 /* BalotCalVM.swift */,
			);
			path = Model;
			sourceTree = "<group>";
		};
/* End PBXGroup section */

/* Begin PBXNativeTarget section */
		3BF629E92738A9EB0059CE84 /* BalotCal */ = {
			isa = PBXNativeTarget;
			buildConfigurationList = 3BF629F82738A9EC0059CE84 /* Build configuration list for PBXNativeTarget "BalotCal" */;
			buildPhases = (
				3BF629E62738A9EB0059CE84 /* Sources */,
				3BF629E72738A9EB0059CE84 /* Frameworks */,
				3BF629E82738A9EB0059CE84 /* Resources */,
			);
			buildRules = (
			);
			dependencies = (
			);
			name = BalotCal;
			productName = BalotCal;
			productReference = 3BF629EA2738A9EB0059CE84 /* BalotCal.app */;
			productType = "com.apple.product-type.application";
		};
/* End PBXNativeTarget section */

/* Begin PBXProject section */
		3BF629E22738A9EB0059CE84 /* Project object */ = {
			isa = PBXProject;
			attributes = {
				BuildIndependentTargetsInParallel = 1;
				LastSwiftUpdateCheck = 1310;
				LastUpgradeCheck = 1310;
				TargetAttributes = {
					3BF629E92738A9EB0059CE84 = {
						CreatedOnToolsVersion = 13.1;
					};
				};
			};
			buildConfigurationList = 3BF629E52738A9EB0059CE84 /* Build configuration list for PBXProject "BalotCal" */;
			compatibilityVersion = "Xcode 13.0";
			developmentRegion = en;
			hasScannedForEncodings = 0;
			knownRegions = (
				en,
				Base,
			);
			mainGroup = 3BF629E12738A9EB0059CE84;
			productRefGroup = 3BF629EB2738A9EB0059CE84 /* Products */;
			projectDirPath = "";
			projectRoot = "";
			targets = (
				3BF629E92738A9EB0059CE84 /* BalotCal */,
			);
		};
/* End PBXProject section */

/* Begin PBXResourcesBuildPhase section */
		3BF629E82738A9EB0059CE84 /* Resources */ = {
			isa = PBXResourcesBuildPhase;
			buildActionMask = 2147483647;
			files = (
				3BF629F52738A9EC0059CE84 /* Preview Assets.xcassets in Resources */,
				3BF629F22738A9EC0059CE84 /* Assets.xcassets in Resources */,
			);
			runOnlyForDeploymentPostprocessing = 0;
		};
/* End PBXResourcesBuildPhase section */

/* Begin PBXSourcesBuildPhase section */
		3BF629E62738A9EB0059CE84 /* Sources */ = {
			isa = PBXSourcesBuildPhase;
			buildActionMask = 2147483647;
			files = (
				3BA35C03273C964600396D03 /* Lines.swift in Sources */,
				3BF62A002738B5F00059CE84 /* BalotCalVM.swift in Sources */,
				3BF629F02738A9EB0059CE84 /* ContentView.swift in Sources */,
				3BF629FE2738AE8E0059CE84 /* Game.swift in Sources */,
				3B7DB75E273CBC390058ED75 /* StringExt.swift in Sources */,
				3BF629EE2738A9EB0059CE84 /* BalotCalApp.swift in Sources */,
			);
			runOnlyForDeploymentPostprocessing = 0;
		};
/* End PBXSourcesBuildPhase section */

/* Begin XCBuildConfiguration section */
		3BF629F62738A9EC0059CE84 /* Debug */ = {
			isa = XCBuildConfiguration;
			buildSettings = {
				ALWAYS_SEARCH_USER_PATHS = NO;
				CLANG_ANALYZER_NONNULL = YES;
				CLANG_ANALYZER_NUMBER_OBJECT_CONVERSION = YES_AGGRESSIVE;
				CLANG_CXX_LANGUAGE_STANDARD = "gnu++17";
				CLANG_CXX_LIBRARY = "libc++";
				CLANG_ENABLE_MODULES = YES;
				CLANG_ENABLE_OBJC_ARC = YES;
				CLANG_ENABLE_OBJC_WEAK = YES;
				CLANG_WARN_BLOCK_CAPTURE_AUTORELEASING = YES;
				CLANG_WARN_BOOL_CONVERSION = YES;
				CLANG_WARN_COMMA = YES;
				CLANG_WARN_CONSTANT_CONVERSION = YES;
				CLANG_WARN_DEPRECATED_OBJC_IMPLEMENTATIONS = YES;
				CLANG_WARN_DIRECT_OBJC_ISA_USAGE = YES_ERROR;
				CLANG_WARN_DOCUMENTATION_COMMENTS = YES;
				CLANG_WARN_EMPTY_BODY = YES;
				CLANG_WARN_ENUM_CONVERSION = YES;
				CLANG_WARN_INFINITE_RECURSION = YES;
				CLANG_WARN_INT_CONVERSION = YES;
				CLANG_WARN_NON_LITERAL_NULL_CONVERSION = YES;
				CLANG_WARN_OBJC_IMPLICIT_RETAIN_SELF = YES;
				CLANG_WARN_OBJC_LITERAL_CONVERSION = YES;
				CLANG_WARN_OBJC_ROOT_CLASS = YES_ERROR;
				CLANG_WARN_QUOTED_INCLUDE_IN_FRAMEWORK_HEADER = YES;
				CLANG_WARN_RANGE_LOOP_ANALYSIS = YES;
				CLANG_WARN_STRICT_PROTOTYPES = YES;
				CLANG_WARN_SUSPICIOUS_MOVE = YES;
				CLANG_WARN_UNGUARDED_AVAILABILITY = YES_AGGRESSIVE;
				CLANG_WARN_UNREACHABLE_CODE = YES;
				CLANG_WARN__DUPLICATE_METHOD_MATCH = YES;
				COPY_PHASE_STRIP = NO;
				DEBUG_INFORMATION_FORMAT = dwarf;
				ENABLE_STRICT_OBJC_MSGSEND = YES;
				ENABLE_TESTABILITY = YES;
				GCC_C_LANGUAGE_STANDARD = gnu11;
				GCC_DYNAMIC_NO_PIC = NO;
				GCC_NO_COMMON_BLOCKS = YES;
				GCC_OPTIMIZATION_LEVEL = 0;
				GCC_PREPROCESSOR_DEFINITIONS = (
					"DEBUG=1",
					"$(inherited)",
				);
				GCC_WARN_64_TO_32_BIT_CONVERSION = YES;
				GCC_WARN_ABOUT_RETURN_TYPE = YES_ERROR;
				GCC_WARN_UNDECLARED_SELECTOR = YES;
				GCC_WARN_UNINITIALIZED_AUTOS = YES_AGGRESSIVE;
				GCC_WARN_UNUSED_FUNCTION = YES;
				GCC_WARN_UNUSED_VARIABLE = YES;
				IPHONEOS_DEPLOYMENT_TARGET = 15.0;
				MTL_ENABLE_DEBUG_INFO = INCLUDE_SOURCE;
				MTL_FAST_MATH = YES;
				ONLY_ACTIVE_ARCH = YES;
				SDKROOT = iphoneos;
				SWIFT_ACTIVE_COMPILATION_CONDITIONS = DEBUG;
				SWIFT_OPTIMIZATION_LEVEL = "-Onone";
			};
			name = Debug;
		};
		3BF629F72738A9EC0059CE84 /* Release */ = {
			isa = XCBuildConfiguration;
			buildSettings = {
				ALWAYS_SEARCH_USER_PATHS = NO;
				CLANG_ANALYZER_NONNULL = YES;
				CLANG_ANALYZER_NUMBER_OBJECT_CONVERSION = YES_AGGRESSIVE;
				CLANG_CXX_LANGUAGE_STANDARD = "gnu++17";
				CLANG_CXX_LIBRARY = "libc++";
				CLANG_ENABLE_MODULES = YES;
				CLANG_ENABLE_OBJC_ARC = YES;
				CLANG_ENABLE_OBJC_WEAK = YES;
				CLANG_WARN_BLOCK_CAPTURE_AUTORELEASING = YES;
				CLANG_WARN_BOOL_CONVERSION = YES;
				CLANG_WARN_COMMA = YES;
				CLANG_WARN_CONSTANT_CONVERSION = YES;
				CLANG_WARN_DEPRECATED_OBJC_IMPLEMENTATIONS = YES;
				CLANG_WARN_DIRECT_OBJC_ISA_USAGE = YES_ERROR;
				CLANG_WARN_DOCUMENTATION_COMMENTS = YES;
				CLANG_WARN_EMPTY_BODY = YES;
				CLANG_WARN_ENUM_CONVERSION = YES;
				CLANG_WARN_INFINITE_RECURSION = YES;
				CLANG_WARN_INT_CONVERSION = YES;
				CLANG_WARN_NON_LITERAL_NULL_CONVERSION = YES;
				CLANG_WARN_OBJC_IMPLICIT_RETAIN_SELF = YES;
				CLANG_WARN_OBJC_LITERAL_CONVERSION = YES;
				CLANG_WARN_OBJC_ROOT_CLASS = YES_ERROR;
				CLANG_WARN_QUOTED_INCLUDE_IN_FRAMEWORK_HEADER = YES;
				CLANG_WARN_RANGE_LOOP_ANALYSIS = YES;
				CLANG_WARN_STRICT_PROTOTYPES = YES;
				CLANG_WARN_SUSPICIOUS_MOVE = YES;
				CLANG_WARN_UNGUARDED_AVAILABILITY = YES_AGGRESSIVE;
				CLANG_WARN_UNREACHABLE_CODE = YES;
				CLANG_WARN__DUPLICATE_METHOD_MATCH = YES;
				COPY_PHASE_STRIP = NO;
				DEBUG_INFORMATION_FORMAT = "dwarf-with-dsym";
				ENABLE_NS_ASSERTIONS = NO;
				ENABLE_STRICT_OBJC_MSGSEND = YES;
				GCC_C_LANGUAGE_STANDARD = gnu11;
				GCC_NO_COMMON_BLOCKS = YES;
				GCC_WARN_64_TO_32_BIT_CONVERSION = YES;
				GCC_WARN_ABOUT_RETURN_TYPE = YES_ERROR;
				GCC_WARN_UNDECLARED_SELECTOR = YES;
				GCC_WARN_UNINITIALIZED_AUTOS = YES_AGGRESSIVE;
				GCC_WARN_UNUSED_FUNCTION = YES;
				GCC_WARN_UNUSED_VARIABLE = YES;
				IPHONEOS_DEPLOYMENT_TARGET = 15.0;
				MTL_ENABLE_DEBUG_INFO = NO;
				MTL_FAST_MATH = YES;
				SDKROOT = iphoneos;
				SWIFT_COMPILATION_MODE = wholemodule;
				SWIFT_OPTIMIZATION_LEVEL = "-O";
				VALIDATE_PRODUCT = YES;
			};
			name = Release;
		};
		3BF629F92738A9EC0059CE84 /* Debug */ = {
			isa = XCBuildConfiguration;
			buildSettings = {
				ASSETCATALOG_COMPILER_APPICON_NAME = AppIcon;
				ASSETCATALOG_COMPILER_GLOBAL_ACCENT_COLOR_NAME = AccentColor;
				CODE_SIGN_STYLE = Automatic;
				CURRENT_PROJECT_VERSION = 1;
				DEVELOPMENT_ASSET_PATHS = "\"BalotCal/Preview Content\"";
				DEVELOPMENT_TEAM = QR7WDH4LZ3;
				ENABLE_PREVIEWS = YES;
				GENERATE_INFOPLIST_FILE = YES;
				INFOPLIST_KEY_UIApplicationSceneManifest_Generation = YES;
				INFOPLIST_KEY_UIApplicationSupportsIndirectInputEvents = YES;
				INFOPLIST_KEY_UILaunchScreen_Generation = YES;
				INFOPLIST_KEY_UISupportedInterfaceOrientations_iPad = "UIInterfaceOrientationPortrait UIInterfaceOrientationPortraitUpsideDown UIInterfaceOrientationLandscapeLeft UIInterfaceOrientationLandscapeRight";
				INFOPLIST_KEY_UISupportedInterfaceOrientations_iPhone = "UIInterfaceOrientationPortrait UIInterfaceOrientationLandscapeLeft UIInterfaceOrientationLandscapeRight";
				LD_RUNPATH_SEARCH_PATHS = (
					"$(inherited)",
					"@executable_path/Frameworks",
				);
				MARKETING_VERSION = 1.0;
				PRODUCT_BUNDLE_IDENTIFIER = "com.gmail-altamimiya.BalotCal";
				PRODUCT_NAME = "$(TARGET_NAME)";
				SWIFT_EMIT_LOC_STRINGS = YES;
				SWIFT_VERSION = 5.0;
				TARGETED_DEVICE_FAMILY = "1,2";
			};
			name = Debug;
		};
		3BF629FA2738A9EC0059CE84 /* Release */ = {
			isa = XCBuildConfiguration;
			buildSettings = {
				ASSETCATALOG_COMPILER_APPICON_NAME = AppIcon;
				ASSETCATALOG_COMPILER_GLOBAL_ACCENT_COLOR_NAME = AccentColor;
				CODE_SIGN_STYLE = Automatic;
				CURRENT_PROJECT_VERSION = 1;
				DEVELOPMENT_ASSET_PATHS = "\"BalotCal/Preview Content\"";
				DEVELOPMENT_TEAM = QR7WDH4LZ3;
				ENABLE_PREVIEWS = YES;
				GENERATE_INFOPLIST_FILE = YES;
				INFOPLIST_KEY_UIApplicationSceneManifest_Generation = YES;
				INFOPLIST_KEY_UIApplicationSupportsIndirectInputEvents = YES;
				INFOPLIST_KEY_UILaunchScreen_Generation = YES;
				INFOPLIST_KEY_UISupportedInterfaceOrientations_iPad = "UIInterfaceOrientationPortrait UIInterfaceOrientationPortraitUpsideDown UIInterfaceOrientationLandscapeLeft UIInterfaceOrientationLandscapeRight";
				INFOPLIST_KEY_UISupportedInterfaceOrientations_iPhone = "UIInterfaceOrientationPortrait UIInterfaceOrientationLandscapeLeft UIInterfaceOrientationLandscapeRight";
				LD_RUNPATH_SEARCH_PATHS = (
					"$(inherited)",
					"@executable_path/Frameworks",
				);
				MARKETING_VERSION = 1.0;
				PRODUCT_BUNDLE_IDENTIFIER = "com.gmail-altamimiya.BalotCal";
				PRODUCT_NAME = "$(TARGET_NAME)";
				SWIFT_EMIT_LOC_STRINGS = YES;
				SWIFT_VERSION = 5.0;
				TARGETED_DEVICE_FAMILY = "1,2";
			};
			name = Release;
		};
/* End XCBuildConfiguration section */

/* Begin XCConfigurationList section */
		3BF629E52738A9EB0059CE84 /* Build configuration list for PBXProject "BalotCal" */ = {
			isa = XCConfigurationList;
			buildConfigurations = (
				3BF629F62738A9EC0059CE84 /* Debug */,
				3BF629F72738A9EC0059CE84 /* Release */,
			);
			defaultConfigurationIsVisible = 0;
			defaultConfigurationName = Release;
		};
		3BF629F82738A9EC0059CE84 /* Build configuration list for PBXNativeTarget "BalotCal" */ = {
			isa = XCConfigurationList;
			buildConfigurations = (
				3BF629F92738A9EC0059CE84 /* Debug */,
				3BF629FA2738A9EC0059CE84 /* Release */,
			);
			defaultConfigurationIsVisible = 0;
			defaultConfigurationName = Release;
		};
/* End XCConfigurationList section */
	};
	rootObject = 3BF629E22738A9EB0059CE84 /* Project object */;
}
